// !$*UTF8*$!
{
	archiveVersion = 1;
	classes = {
	};
	objectVersion = 56;
	objects = {

/* Begin PBXBuildFile section */
		823856CC2CA33C3100A0620D /* WeatherViewModelTests.swift in Sources */ = {isa = PBXBuildFile; fileRef = 823856CB2CA33C3100A0620D /* WeatherViewModelTests.swift */; };
		823856D02CA3584E00A0620D /* LocationManager.swift in Sources */ = {isa = PBXBuildFile; fileRef = 823856CF2CA3584E00A0620D /* LocationManager.swift */; };
		824278932C6847C300E64755 /* WeatherSwiftUIApp.swift in Sources */ = {isa = PBXBuildFile; fileRef = 824278922C6847C300E64755 /* WeatherSwiftUIApp.swift */; };
		824278972C6847C600E64755 /* Assets.xcassets in Resources */ = {isa = PBXBuildFile; fileRef = 824278962C6847C600E64755 /* Assets.xcassets */; };
		8242789A2C6847C600E64755 /* Preview Assets.xcassets in Resources */ = {isa = PBXBuildFile; fileRef = 824278992C6847C600E64755 /* Preview Assets.xcassets */; };
		824278BD2C68488D00E64755 /* WeatherModel.swift in Sources */ = {isa = PBXBuildFile; fileRef = 824278BC2C68488D00E64755 /* WeatherModel.swift */; };
		824278C32C6848FC00E64755 /* WeatherViewModel.swift in Sources */ = {isa = PBXBuildFile; fileRef = 824278C22C6848FC00E64755 /* WeatherViewModel.swift */; };
		8297F7482C82CD5F00BFA3B4 /* WeatherView.swift in Sources */ = {isa = PBXBuildFile; fileRef = 8297F7472C82CD5F00BFA3B4 /* WeatherView.swift */; };
/* End PBXBuildFile section */

/* Begin PBXContainerItemProxy section */
		824278A02C6847C700E64755 /* PBXContainerItemProxy */ = {
			isa = PBXContainerItemProxy;
			containerPortal = 824278872C6847C300E64755 /* Project object */;
			proxyType = 1;
			remoteGlobalIDString = 8242788E2C6847C300E64755;
			remoteInfo = WeatherSwiftUI;
		};
		824278AA2C6847C700E64755 /* PBXContainerItemProxy */ = {
			isa = PBXContainerItemProxy;
			containerPortal = 824278872C6847C300E64755 /* Project object */;
			proxyType = 1;
			remoteGlobalIDString = 8242788E2C6847C300E64755;
			remoteInfo = WeatherSwiftUI;
		};
/* End PBXContainerItemProxy section */

/* Begin PBXFileReference section */
		823856CB2CA33C3100A0620D /* WeatherViewModelTests.swift */ = {isa = PBXFileReference; lastKnownFileType = sourcecode.swift; path = WeatherViewModelTests.swift; sourceTree = "<group>"; };
		823856CF2CA3584E00A0620D /* LocationManager.swift */ = {isa = PBXFileReference; lastKnownFileType = sourcecode.swift; path = LocationManager.swift; sourceTree = "<group>"; };
		8242788F2C6847C300E64755 /* WeatherSwiftUI.app */ = {isa = PBXFileReference; explicitFileType = wrapper.application; includeInIndex = 0; path = WeatherSwiftUI.app; sourceTree = BUILT_PRODUCTS_DIR; };
		824278922C6847C300E64755 /* WeatherSwiftUIApp.swift */ = {isa = PBXFileReference; lastKnownFileType = sourcecode.swift; path = WeatherSwiftUIApp.swift; sourceTree = "<group>"; };
		824278962C6847C600E64755 /* Assets.xcassets */ = {isa = PBXFileReference; lastKnownFileType = folder.assetcatalog; path = Assets.xcassets; sourceTree = "<group>"; };
		824278992C6847C600E64755 /* Preview Assets.xcassets */ = {isa = PBXFileReference; lastKnownFileType = folder.assetcatalog; path = "Preview Assets.xcassets"; sourceTree = "<group>"; };
		8242789F2C6847C700E64755 /* WeatherSwiftUITests.xctest */ = {isa = PBXFileReference; explicitFileType = wrapper.cfbundle; includeInIndex = 0; path = WeatherSwiftUITests.xctest; sourceTree = BUILT_PRODUCTS_DIR; };
		824278A92C6847C700E64755 /* WeatherSwiftUIUITests.xctest */ = {isa = PBXFileReference; explicitFileType = wrapper.cfbundle; includeInIndex = 0; path = WeatherSwiftUIUITests.xctest; sourceTree = BUILT_PRODUCTS_DIR; };
		824278BC2C68488D00E64755 /* WeatherModel.swift */ = {isa = PBXFileReference; lastKnownFileType = sourcecode.swift; path = WeatherModel.swift; sourceTree = "<group>"; };
		824278C22C6848FC00E64755 /* WeatherViewModel.swift */ = {isa = PBXFileReference; lastKnownFileType = sourcecode.swift; path = WeatherViewModel.swift; sourceTree = "<group>"; };
		8297F7472C82CD5F00BFA3B4 /* WeatherView.swift */ = {isa = PBXFileReference; lastKnownFileType = sourcecode.swift; path = WeatherView.swift; sourceTree = "<group>"; };
/* End PBXFileReference section */

/* Begin PBXFrameworksBuildPhase section */
		8242788C2C6847C300E64755 /* Frameworks */ = {
			isa = PBXFrameworksBuildPhase;
			buildActionMask = 2147483647;
			files = (
			);
			runOnlyForDeploymentPostprocessing = 0;
		};
		8242789C2C6847C700E64755 /* Frameworks */ = {
			isa = PBXFrameworksBuildPhase;
			buildActionMask = 2147483647;
			files = (
			);
			runOnlyForDeploymentPostprocessing = 0;
		};
		824278A62C6847C700E64755 /* Frameworks */ = {
			isa = PBXFrameworksBuildPhase;
			buildActionMask = 2147483647;
			files = (
			);
			runOnlyForDeploymentPostprocessing = 0;
		};
/* End PBXFrameworksBuildPhase section */

/* Begin PBXGroup section */
		823856D32CA392E800A0620D /* Model */ = {
			isa = PBXGroup;
			children = (
				824278BC2C68488D00E64755 /* WeatherModel.swift */,
			);
			path = Model;
			sourceTree = "<group>";
		};
		824278862C6847C300E64755 = {
			isa = PBXGroup;
			children = (
				824278912C6847C300E64755 /* WeatherSwiftUI */,
				824278A22C6847C700E64755 /* WeatherSwiftUITests */,
				824278902C6847C300E64755 /* Products */,
			);
			sourceTree = "<group>";
		};
		824278902C6847C300E64755 /* Products */ = {
			isa = PBXGroup;
			children = (
				8242788F2C6847C300E64755 /* WeatherSwiftUI.app */,
				8242789F2C6847C700E64755 /* WeatherSwiftUITests.xctest */,
				824278A92C6847C700E64755 /* WeatherSwiftUIUITests.xctest */,
			);
			name = Products;
			sourceTree = "<group>";
		};
		824278912C6847C300E64755 /* WeatherSwiftUI */ = {
			isa = PBXGroup;
			children = (
				824278922C6847C300E64755 /* WeatherSwiftUIApp.swift */,
				8297F7472C82CD5F00BFA3B4 /* WeatherView.swift */,
				823856D32CA392E800A0620D /* Model */,
				824278C22C6848FC00E64755 /* WeatherViewModel.swift */,
				823856CF2CA3584E00A0620D /* LocationManager.swift */,
				824278962C6847C600E64755 /* Assets.xcassets */,
				824278982C6847C600E64755 /* Preview Content */,
			);
			path = WeatherSwiftUI;
			sourceTree = "<group>";
		};
		824278982C6847C600E64755 /* Preview Content */ = {
			isa = PBXGroup;
			children = (
				824278992C6847C600E64755 /* Preview Assets.xcassets */,
			);
			path = "Preview Content";
			sourceTree = "<group>";
		};
		824278A22C6847C700E64755 /* WeatherSwiftUITests */ = {
			isa = PBXGroup;
			children = (
				823856CB2CA33C3100A0620D /* WeatherViewModelTests.swift */,
			);
			path = WeatherSwiftUITests;
			sourceTree = "<group>";
		};
/* End PBXGroup section */

/* Begin PBXNativeTarget section */
		8242788E2C6847C300E64755 /* WeatherSwiftUI */ = {
			isa = PBXNativeTarget;
			buildConfigurationList = 824278B32C6847C700E64755 /* Build configuration list for PBXNativeTarget "WeatherSwiftUI" */;
			buildPhases = (
				8242788B2C6847C300E64755 /* Sources */,
				8242788C2C6847C300E64755 /* Frameworks */,
				8242788D2C6847C300E64755 /* Resources */,
			);
			buildRules = (
			);
			dependencies = (
			);
			name = WeatherSwiftUI;
			productName = WeatherSwiftUI;
			productReference = 8242788F2C6847C300E64755 /* WeatherSwiftUI.app */;
			productType = "com.apple.product-type.application";
		};
		8242789E2C6847C700E64755 /* WeatherSwiftUITests */ = {
			isa = PBXNativeTarget;
			buildConfigurationList = 824278B62C6847C700E64755 /* Build configuration list for PBXNativeTarget "WeatherSwiftUITests" */;
			buildPhases = (
				8242789B2C6847C700E64755 /* Sources */,
				8242789C2C6847C700E64755 /* Frameworks */,
				8242789D2C6847C700E64755 /* Resources */,
			);
			buildRules = (
			);
			dependencies = (
				824278A12C6847C700E64755 /* PBXTargetDependency */,
			);
			name = WeatherSwiftUITests;
			productName = WeatherSwiftUITests;
			productReference = 8242789F2C6847C700E64755 /* WeatherSwiftUITests.xctest */;
			productType = "com.apple.product-type.bundle.unit-test";
		};
		824278A82C6847C700E64755 /* WeatherSwiftUIUITests */ = {
			isa = PBXNativeTarget;
			buildConfigurationList = 824278B92C6847C700E64755 /* Build configuration list for PBXNativeTarget "WeatherSwiftUIUITests" */;
			buildPhases = (
				824278A52C6847C700E64755 /* Sources */,
				824278A62C6847C700E64755 /* Frameworks */,
				824278A72C6847C700E64755 /* Resources */,
			);
			buildRules = (
			);
			dependencies = (
				824278AB2C6847C700E64755 /* PBXTargetDependency */,
			);
			name = WeatherSwiftUIUITests;
			productName = WeatherSwiftUIUITests;
			productReference = 824278A92C6847C700E64755 /* WeatherSwiftUIUITests.xctest */;
			productType = "com.apple.product-type.bundle.ui-testing";
		};
/* End PBXNativeTarget section */

/* Begin PBXProject section */
		824278872C6847C300E64755 /* Project object */ = {
			isa = PBXProject;
			attributes = {
				BuildIndependentTargetsInParallel = 1;
				LastSwiftUpdateCheck = 1540;
				LastUpgradeCheck = 1600;
				TargetAttributes = {
					8242788E2C6847C300E64755 = {
						CreatedOnToolsVersion = 15.4;
					};
					8242789E2C6847C700E64755 = {
						CreatedOnToolsVersion = 15.4;
						TestTargetID = 8242788E2C6847C300E64755;
					};
					824278A82C6847C700E64755 = {
						CreatedOnToolsVersion = 15.4;
						TestTargetID = 8242788E2C6847C300E64755;
					};
				};
			};
			buildConfigurationList = 8242788A2C6847C300E64755 /* Build configuration list for PBXProject "WeatherSwiftUI" */;
			compatibilityVersion = "Xcode 14.0";
			developmentRegion = en;
			hasScannedForEncodings = 0;
			knownRegions = (
				en,
				Base,
			);
			mainGroup = 824278862C6847C300E64755;
			productRefGroup = 824278902C6847C300E64755 /* Products */;
			projectDirPath = "";
			projectRoot = "";
			targets = (
				8242788E2C6847C300E64755 /* WeatherSwiftUI */,
				8242789E2C6847C700E64755 /* WeatherSwiftUITests */,
				824278A82C6847C700E64755 /* WeatherSwiftUIUITests */,
			);
		};
/* End PBXProject section */

/* Begin PBXResourcesBuildPhase section */
		8242788D2C6847C300E64755 /* Resources */ = {
			isa = PBXResourcesBuildPhase;
			buildActionMask = 2147483647;
			files = (
				8242789A2C6847C600E64755 /* Preview Assets.xcassets in Resources */,
				824278972C6847C600E64755 /* Assets.xcassets in Resources */,
			);
			runOnlyForDeploymentPostprocessing = 0;
		};
		8242789D2C6847C700E64755 /* Resources */ = {
			isa = PBXResourcesBuildPhase;
			buildActionMask = 2147483647;
			files = (
			);
			runOnlyForDeploymentPostprocessing = 0;
		};
		824278A72C6847C700E64755 /* Resources */ = {
			isa = PBXResourcesBuildPhase;
			buildActionMask = 2147483647;
			files = (
			);
			runOnlyForDeploymentPostprocessing = 0;
		};
/* End PBXResourcesBuildPhase section */

/* Begin PBXSourcesBuildPhase section */
		8242788B2C6847C300E64755 /* Sources */ = {
			isa = PBXSourcesBuildPhase;
			buildActionMask = 2147483647;
			files = (
				824278C32C6848FC00E64755 /* WeatherViewModel.swift in Sources */,
				823856D02CA3584E00A0620D /* LocationManager.swift in Sources */,
				824278BD2C68488D00E64755 /* WeatherModel.swift in Sources */,
				8297F7482C82CD5F00BFA3B4 /* WeatherView.swift in Sources */,
				824278932C6847C300E64755 /* WeatherSwiftUIApp.swift in Sources */,
			);
			runOnlyForDeploymentPostprocessing = 0;
		};
		8242789B2C6847C700E64755 /* Sources */ = {
			isa = PBXSourcesBuildPhase;
			buildActionMask = 2147483647;
			files = (
				823856CC2CA33C3100A0620D /* WeatherViewModelTests.swift in Sources */,
			);
			runOnlyForDeploymentPostprocessing = 0;
		};
		824278A52C6847C700E64755 /* Sources */ = {
			isa = PBXSourcesBuildPhase;
			buildActionMask = 2147483647;
			files = (
			);
			runOnlyForDeploymentPostprocessing = 0;
		};
/* End PBXSourcesBuildPhase section */

/* Begin PBXTargetDependency section */
		824278A12C6847C700E64755 /* PBXTargetDependency */ = {
			isa = PBXTargetDependency;
			target = 8242788E2C6847C300E64755 /* WeatherSwiftUI */;
			targetProxy = 824278A02C6847C700E64755 /* PBXContainerItemProxy */;
		};
		824278AB2C6847C700E64755 /* PBXTargetDependency */ = {
			isa = PBXTargetDependency;
			target = 8242788E2C6847C300E64755 /* WeatherSwiftUI */;
			targetProxy = 824278AA2C6847C700E64755 /* PBXContainerItemProxy */;
		};
/* End PBXTargetDependency section */

/* Begin XCBuildConfiguration section */
		824278B12C6847C700E64755 /* Debug */ = {
			isa = XCBuildConfiguration;
			buildSettings = {
				ALWAYS_SEARCH_USER_PATHS = NO;
				ASSETCATALOG_COMPILER_GENERATE_SWIFT_ASSET_SYMBOL_EXTENSIONS = YES;
				CLANG_ANALYZER_NONNULL = YES;
				CLANG_ANALYZER_NUMBER_OBJECT_CONVERSION = YES_AGGRESSIVE;
				CLANG_CXX_LANGUAGE_STANDARD = "gnu++20";
				CLANG_ENABLE_MODULES = YES;
				CLANG_ENABLE_OBJC_ARC = YES;
				CLANG_ENABLE_OBJC_WEAK = YES;
				CLANG_WARN_BLOCK_CAPTURE_AUTORELEASING = YES;
				CLANG_WARN_BOOL_CONVERSION = YES;
				CLANG_WARN_COMMA = YES;
				CLANG_WARN_CONSTANT_CONVERSION = YES;
				CLANG_WARN_DEPRECATED_OBJC_IMPLEMENTATIONS = YES;
				CLANG_WARN_DIRECT_OBJC_ISA_USAGE = YES_ERROR;
				CLANG_WARN_DOCUMENTATION_COMMENTS = YES;
				CLANG_WARN_EMPTY_BODY = YES;
				CLANG_WARN_ENUM_CONVERSION = YES;
				CLANG_WARN_INFINITE_RECURSION = YES;
				CLANG_WARN_INT_CONVERSION = YES;
				CLANG_WARN_NON_LITERAL_NULL_CONVERSION = YES;
				CLANG_WARN_OBJC_IMPLICIT_RETAIN_SELF = YES;
				CLANG_WARN_OBJC_LITERAL_CONVERSION = YES;
				CLANG_WARN_OBJC_ROOT_CLASS = YES_ERROR;
				CLANG_WARN_QUOTED_INCLUDE_IN_FRAMEWORK_HEADER = YES;
				CLANG_WARN_RANGE_LOOP_ANALYSIS = YES;
				CLANG_WARN_STRICT_PROTOTYPES = YES;
				CLANG_WARN_SUSPICIOUS_MOVE = YES;
				CLANG_WARN_UNGUARDED_AVAILABILITY = YES_AGGRESSIVE;
				CLANG_WARN_UNREACHABLE_CODE = YES;
				CLANG_WARN__DUPLICATE_METHOD_MATCH = YES;
				COPY_PHASE_STRIP = NO;
				DEBUG_INFORMATION_FORMAT = dwarf;
				ENABLE_STRICT_OBJC_MSGSEND = YES;
				ENABLE_TESTABILITY = YES;
				ENABLE_USER_SCRIPT_SANDBOXING = YES;
				GCC_C_LANGUAGE_STANDARD = gnu17;
				GCC_DYNAMIC_NO_PIC = NO;
				GCC_NO_COMMON_BLOCKS = YES;
				GCC_OPTIMIZATION_LEVEL = 0;
				GCC_PREPROCESSOR_DEFINITIONS = (
					"DEBUG=1",
					"$(inherited)",
				);
				GCC_WARN_64_TO_32_BIT_CONVERSION = YES;
				GCC_WARN_ABOUT_RETURN_TYPE = YES_ERROR;
				GCC_WARN_UNDECLARED_SELECTOR = YES;
				GCC_WARN_UNINITIALIZED_AUTOS = YES_AGGRESSIVE;
				GCC_WARN_UNUSED_FUNCTION = YES;
				GCC_WARN_UNUSED_VARIABLE = YES;
				IPHONEOS_DEPLOYMENT_TARGET = 17.5;
				LOCALIZATION_PREFERS_STRING_CATALOGS = YES;
				MTL_ENABLE_DEBUG_INFO = INCLUDE_SOURCE;
				MTL_FAST_MATH = YES;
				ONLY_ACTIVE_ARCH = YES;
				SDKROOT = iphoneos;
				SWIFT_ACTIVE_COMPILATION_CONDITIONS = "DEBUG $(inherited)";
				SWIFT_OPTIMIZATION_LEVEL = "-Onone";
			};
			name = Debug;
		};
		824278B22C6847C700E64755 /* Release */ = {
			isa = XCBuildConfiguration;
			buildSettings = {
				ALWAYS_SEARCH_USER_PATHS = NO;
				ASSETCATALOG_COMPILER_GENERATE_SWIFT_ASSET_SYMBOL_EXTENSIONS = YES;
				CLANG_ANALYZER_NONNULL = YES;
				CLANG_ANALYZER_NUMBER_OBJECT_CONVERSION = YES_AGGRESSIVE;
				CLANG_CXX_LANGUAGE_STANDARD = "gnu++20";
				CLANG_ENABLE_MODULES = YES;
				CLANG_ENABLE_OBJC_ARC = YES;
				CLANG_ENABLE_OBJC_WEAK = YES;
				CLANG_WARN_BLOCK_CAPTURE_AUTORELEASING = YES;
				CLANG_WARN_BOOL_CONVERSION = YES;
				CLANG_WARN_COMMA = YES;
				CLANG_WARN_CONSTANT_CONVERSION = YES;
				CLANG_WARN_DEPRECATED_OBJC_IMPLEMENTATIONS = YES;
				CLANG_WARN_DIRECT_OBJC_ISA_USAGE = YES_ERROR;
				CLANG_WARN_DOCUMENTATION_COMMENTS = YES;
				CLANG_WARN_EMPTY_BODY = YES;
				CLANG_WARN_ENUM_CONVERSION = YES;
				CLANG_WARN_INFINITE_RECURSION = YES;
				CLANG_WARN_INT_CONVERSION = YES;
				CLANG_WARN_NON_LITERAL_NULL_CONVERSION = YES;
				CLANG_WARN_OBJC_IMPLICIT_RETAIN_SELF = YES;
				CLANG_WARN_OBJC_LITERAL_CONVERSION = YES;
				CLANG_WARN_OBJC_ROOT_CLASS = YES_ERROR;
				CLANG_WARN_QUOTED_INCLUDE_IN_FRAMEWORK_HEADER = YES;
				CLANG_WARN_RANGE_LOOP_ANALYSIS = YES;
				CLANG_WARN_STRICT_PROTOTYPES = YES;
				CLANG_WARN_SUSPICIOUS_MOVE = YES;
				CLANG_WARN_UNGUARDED_AVAILABILITY = YES_AGGRESSIVE;
				CLANG_WARN_UNREACHABLE_CODE = YES;
				CLANG_WARN__DUPLICATE_METHOD_MATCH = YES;
				COPY_PHASE_STRIP = NO;
				DEBUG_INFORMATION_FORMAT = "dwarf-with-dsym";
				ENABLE_NS_ASSERTIONS = NO;
				ENABLE_STRICT_OBJC_MSGSEND = YES;
				ENABLE_USER_SCRIPT_SANDBOXING = YES;
				GCC_C_LANGUAGE_STANDARD = gnu17;
				GCC_NO_COMMON_BLOCKS = YES;
				GCC_WARN_64_TO_32_BIT_CONVERSION = YES;
				GCC_WARN_ABOUT_RETURN_TYPE = YES_ERROR;
				GCC_WARN_UNDECLARED_SELECTOR = YES;
				GCC_WARN_UNINITIALIZED_AUTOS = YES_AGGRESSIVE;
				GCC_WARN_UNUSED_FUNCTION = YES;
				GCC_WARN_UNUSED_VARIABLE = YES;
				IPHONEOS_DEPLOYMENT_TARGET = 17.5;
				LOCALIZATION_PREFERS_STRING_CATALOGS = YES;
				MTL_ENABLE_DEBUG_INFO = NO;
				MTL_FAST_MATH = YES;
				SDKROOT = iphoneos;
				SWIFT_COMPILATION_MODE = wholemodule;
				VALIDATE_PRODUCT = YES;
			};
			name = Release;
		};
		824278B42C6847C700E64755 /* Debug */ = {
			isa = XCBuildConfiguration;
			buildSettings = {
				ASSETCATALOG_COMPILER_APPICON_NAME = AppIcon;
				ASSETCATALOG_COMPILER_GLOBAL_ACCENT_COLOR_NAME = AccentColor;
				CODE_SIGN_STYLE = Automatic;
				CURRENT_PROJECT_VERSION = 1;
				DEVELOPMENT_ASSET_PATHS = "\"WeatherSwiftUI/Preview Content\"";
				DEVELOPMENT_TEAM = HVK3PFKFAV;
				ENABLE_PREVIEWS = YES;
				GENERATE_INFOPLIST_FILE = YES;
				INFOPLIST_KEY_LSApplicationCategoryType = "";
				INFOPLIST_KEY_NSLocationWhenInUseUsageDescription = "";
				INFOPLIST_KEY_UIApplicationSceneManifest_Generation = YES;
				INFOPLIST_KEY_UIApplicationSupportsIndirectInputEvents = YES;
				INFOPLIST_KEY_UILaunchScreen_Generation = YES;
				INFOPLIST_KEY_UISupportedInterfaceOrientations_iPad = "UIInterfaceOrientationPortrait UIInterfaceOrientationPortraitUpsideDown UIInterfaceOrientationLandscapeLeft UIInterfaceOrientationLandscapeRight";
				INFOPLIST_KEY_UISupportedInterfaceOrientations_iPhone = "UIInterfaceOrientationPortrait UIInterfaceOrientationLandscapeLeft UIInterfaceOrientationLandscapeRight";
				LD_RUNPATH_SEARCH_PATHS = (
					"$(inherited)",
					"@executable_path/Frameworks",
				);
				MARKETING_VERSION = 1.0;
				PRODUCT_BUNDLE_IDENTIFIER = heenamansoori.WeatherSwiftUI;
				PRODUCT_NAME = "$(TARGET_NAME)";
				SWIFT_EMIT_LOC_STRINGS = YES;
				SWIFT_VERSION = 5.0;
				TARGETED_DEVICE_FAMILY = "1,2";
			};
			name = Debug;
		};
		824278B52C6847C700E64755 /* Release */ = {
			isa = XCBuildConfiguration;
			buildSettings = {
				ASSETCATALOG_COMPILER_APPICON_NAME = AppIcon;
				ASSETCATALOG_COMPILER_GLOBAL_ACCENT_COLOR_NAME = AccentColor;
				CODE_SIGN_STYLE = Automatic;
				CURRENT_PROJECT_VERSION = 1;
				DEVELOPMENT_ASSET_PATHS = "\"WeatherSwiftUI/Preview Content\"";
				DEVELOPMENT_TEAM = HVK3PFKFAV;
				ENABLE_PREVIEWS = YES;
				GENERATE_INFOPLIST_FILE = YES;
				INFOPLIST_KEY_LSApplicationCategoryType = "";
				INFOPLIST_KEY_NSLocationWhenInUseUsageDescription = "";
				INFOPLIST_KEY_UIApplicationSceneManifest_Generation = YES;
				INFOPLIST_KEY_UIApplicationSupportsIndirectInputEvents = YES;
				INFOPLIST_KEY_UILaunchScreen_Generation = YES;
				INFOPLIST_KEY_UISupportedInterfaceOrientations_iPad = "UIInterfaceOrientationPortrait UIInterfaceOrientationPortraitUpsideDown UIInterfaceOrientationLandscapeLeft UIInterfaceOrientationLandscapeRight";
				INFOPLIST_KEY_UISupportedInterfaceOrientations_iPhone = "UIInterfaceOrientationPortrait UIInterfaceOrientationLandscapeLeft UIInterfaceOrientationLandscapeRight";
				LD_RUNPATH_SEARCH_PATHS = (
					"$(inherited)",
					"@executable_path/Frameworks",
				);
				MARKETING_VERSION = 1.0;
				PRODUCT_BUNDLE_IDENTIFIER = heenamansoori.WeatherSwiftUI;
				PRODUCT_NAME = "$(TARGET_NAME)";
				SWIFT_EMIT_LOC_STRINGS = YES;
				SWIFT_VERSION = 5.0;
				TARGETED_DEVICE_FAMILY = "1,2";
			};
			name = Release;
		};
		824278B72C6847C700E64755 /* Debug */ = {
			isa = XCBuildConfiguration;
			buildSettings = {
				BUNDLE_LOADER = "$(TEST_HOST)";
				CODE_SIGN_STYLE = Automatic;
				CURRENT_PROJECT_VERSION = 1;
				DEVELOPMENT_TEAM = HVK3PFKFAV;
				GENERATE_INFOPLIST_FILE = YES;
				IPHONEOS_DEPLOYMENT_TARGET = 17.5;
				MARKETING_VERSION = 1.0;
				PRODUCT_BUNDLE_IDENTIFIER = heenamansoori.WeatherSwiftUITests;
				PRODUCT_NAME = "$(TARGET_NAME)";
				SWIFT_EMIT_LOC_STRINGS = NO;
				SWIFT_VERSION = 5.0;
				TARGETED_DEVICE_FAMILY = "1,2";
				TEST_HOST = "$(BUILT_PRODUCTS_DIR)/WeatherSwiftUI.app/$(BUNDLE_EXECUTABLE_FOLDER_PATH)/WeatherSwiftUI";
			};
			name = Debug;
		};
		824278B82C6847C700E64755 /* Release */ = {
			isa = XCBuildConfiguration;
			buildSettings = {
				BUNDLE_LOADER = "$(TEST_HOST)";
				CODE_SIGN_STYLE = Automatic;
				CURRENT_PROJECT_VERSION = 1;
				DEVELOPMENT_TEAM = HVK3PFKFAV;
				GENERATE_INFOPLIST_FILE = YES;
				IPHONEOS_DEPLOYMENT_TARGET = 17.5;
				MARKETING_VERSION = 1.0;
				PRODUCT_BUNDLE_IDENTIFIER = heenamansoori.WeatherSwiftUITests;
				PRODUCT_NAME = "$(TARGET_NAME)";
				SWIFT_EMIT_LOC_STRINGS = NO;
				SWIFT_VERSION = 5.0;
				TARGETED_DEVICE_FAMILY = "1,2";
				TEST_HOST = "$(BUILT_PRODUCTS_DIR)/WeatherSwiftUI.app/$(BUNDLE_EXECUTABLE_FOLDER_PATH)/WeatherSwiftUI";
			};
			name = Release;
		};
		824278BA2C6847C700E64755 /* Debug */ = {
			isa = XCBuildConfiguration;
			buildSettings = {
				CODE_SIGN_STYLE = Automatic;
				CURRENT_PROJECT_VERSION = 1;
				DEVELOPMENT_TEAM = HVK3PFKFAV;
				GENERATE_INFOPLIST_FILE = YES;
				MARKETING_VERSION = 1.0;
				PRODUCT_BUNDLE_IDENTIFIER = heenamansoori.WeatherSwiftUIUITests;
				PRODUCT_NAME = "$(TARGET_NAME)";
				SWIFT_EMIT_LOC_STRINGS = NO;
				SWIFT_VERSION = 5.0;
				TARGETED_DEVICE_FAMILY = "1,2";
				TEST_TARGET_NAME = WeatherSwiftUI;
			};
			name = Debug;
		};
		824278BB2C6847C700E64755 /* Release */ = {
			isa = XCBuildConfiguration;
			buildSettings = {
				CODE_SIGN_STYLE = Automatic;
				CURRENT_PROJECT_VERSION = 1;
				DEVELOPMENT_TEAM = HVK3PFKFAV;
				GENERATE_INFOPLIST_FILE = YES;
				MARKETING_VERSION = 1.0;
				PRODUCT_BUNDLE_IDENTIFIER = heenamansoori.WeatherSwiftUIUITests;
				PRODUCT_NAME = "$(TARGET_NAME)";
				SWIFT_EMIT_LOC_STRINGS = NO;
				SWIFT_VERSION = 5.0;
				TARGETED_DEVICE_FAMILY = "1,2";
				TEST_TARGET_NAME = WeatherSwiftUI;
			};
			name = Release;
		};
/* End XCBuildConfiguration section */

/* Begin XCConfigurationList section */
		8242788A2C6847C300E64755 /* Build configuration list for PBXProject "WeatherSwiftUI" */ = {
			isa = XCConfigurationList;
			buildConfigurations = (
				824278B12C6847C700E64755 /* Debug */,
				824278B22C6847C700E64755 /* Release */,
			);
			defaultConfigurationIsVisible = 0;
			defaultConfigurationName = Release;
		};
		824278B32C6847C700E64755 /* Build configuration list for PBXNativeTarget "WeatherSwiftUI" */ = {
			isa = XCConfigurationList;
			buildConfigurations = (
				824278B42C6847C700E64755 /* Debug */,
				824278B52C6847C700E64755 /* Release */,
			);
			defaultConfigurationIsVisible = 0;
			defaultConfigurationName = Release;
		};
		824278B62C6847C700E64755 /* Build configuration list for PBXNativeTarget "WeatherSwiftUITests" */ = {
			isa = XCConfigurationList;
			buildConfigurations = (
				824278B72C6847C700E64755 /* Debug */,
				824278B82C6847C700E64755 /* Release */,
			);
			defaultConfigurationIsVisible = 0;
			defaultConfigurationName = Release;
		};
		824278B92C6847C700E64755 /* Build configuration list for PBXNativeTarget "WeatherSwiftUIUITests" */ = {
			isa = XCConfigurationList;
			buildConfigurations = (
				824278BA2C6847C700E64755 /* Debug */,
				824278BB2C6847C700E64755 /* Release */,
			);
			defaultConfigurationIsVisible = 0;
			defaultConfigurationName = Release;
		};
/* End XCConfigurationList section */
	};
	rootObject = 824278872C6847C300E64755 /* Project object */;
}
